
Microsoft Visual Studio Solution File, Format Version 12.00
# Visual Studio Version 16
VisualStudioVersion = 16.0.31129.286
MinimumVisualStudioVersion = 10.0.40219.1
Project("{9A19103F-16F7-4668-BE54-9A1E7A4F7556}") = "Business", "Business\Business.csproj", "{B7D877AF-47FC-48C4-9D5A-E21B8E9CC8E7}"
EndProject
Project("{9A19103F-16F7-4668-BE54-9A1E7A4F7556}") = "DataAccess", "DataAccess\DataAccess.csproj", "{FDC96C04-F762-4327-B328-D1739B7EA62A}"
EndProject
Project("{9A19103F-16F7-4668-BE54-9A1E7A4F7556}") = "Entities", "Entities\Entities.csproj", "{A686B6C6-4FDF-4B23-BD67-2F823E065CEF}"
EndProject
Project("{9A19103F-16F7-4668-BE54-9A1E7A4F7556}") = "ConsoleUI", "ConsoleUI\ConsoleUI.csproj", "{1F034D41-B2B1-4987-9684-27F55EFA696A}"
EndProject
Project("{FAE04EC0-301F-11D3-BF4B-00C04F79EFBC}") = "WebApp", "WebApp\WebApp.csproj", "{E509EC3B-9CA6-4EDE-B7AD-DEFCDDD66657}"
EndProject
Global
	GlobalSection(SolutionConfigurationPlatforms) = preSolution
		Debug|Any CPU = Debug|Any CPU
		Release|Any CPU = Release|Any CPU
	EndGlobalSection
	GlobalSection(ProjectConfigurationPlatforms) = postSolution
		{B7D877AF-47FC-48C4-9D5A-E21B8E9CC8E7}.Debug|Any CPU.ActiveCfg = Debug|Any CPU
		{B7D877AF-47FC-48C4-9D5A-E21B8E9CC8E7}.Debug|Any CPU.Build.0 = Debug|Any CPU
		{B7D877AF-47FC-48C4-9D5A-E21B8E9CC8E7}.Release|Any CPU.ActiveCfg = Release|Any CPU
		{B7D877AF-47FC-48C4-9D5A-E21B8E9CC8E7}.Release|Any CPU.Build.0 = Release|Any CPU
		{FDC96C04-F762-4327-B328-D1739B7EA62A}.Debug|Any CPU.ActiveCfg = Debug|Any CPU
		{FDC96C04-F762-4327-B328-D1739B7EA62A}.Debug|Any CPU.Build.0 = Debug|Any CPU
		{FDC96C04-F762-4327-B328-D1739B7EA62A}.Release|Any CPU.ActiveCfg = Release|Any CPU
		{FDC96C04-F762-4327-B328-D1739B7EA62A}.Release|Any CPU.Build.0 = Release|Any CPU
		{A686B6C6-4FDF-4B23-BD67-2F823E065CEF}.Debug|Any CPU.ActiveCfg = Debug|Any CPU
		{A686B6C6-4FDF-4B23-BD67-2F823E065CEF}.Debug|Any CPU.Build.0 = Debug|Any CPU
		{A686B6C6-4FDF-4B23-BD67-2F823E065CEF}.Release|Any CPU.ActiveCfg = Release|Any CPU
		{A686B6C6-4FDF-4B23-BD67-2F823E065CEF}.Release|Any CPU.Build.0 = Release|Any CPU
		{1F034D41-B2B1-4987-9684-27F55EFA696A}.Debug|Any CPU.ActiveCfg = Debug|Any CPU
		{1F034D41-B2B1-4987-9684-27F55EFA696A}.Debug|Any CPU.Build.0 = Debug|Any CPU
		{1F034D41-B2B1-4987-9684-27F55EFA696A}.Release|Any CPU.ActiveCfg = Release|Any CPU
		{1F034D41-B2B1-4987-9684-27F55EFA696A}.Release|Any CPU.Build.0 = Release|Any CPU
		{E509EC3B-9CA6-4EDE-B7AD-DEFCDDD66657}.Debug|Any CPU.ActiveCfg = Debug|Any CPU
		{E509EC3B-9CA6-4EDE-B7AD-DEFCDDD66657}.Debug|Any CPU.Build.0 = Debug|Any CPU
		{E509EC3B-9CA6-4EDE-B7AD-DEFCDDD66657}.Release|Any CPU.ActiveCfg = Release|Any CPU
		{E509EC3B-9CA6-4EDE-B7AD-DEFCDDD66657}.Release|Any CPU.Build.0 = Release|Any CPU
	EndGlobalSection
	GlobalSection(SolutionProperties) = preSolution
		HideSolutionNode = FALSE
	EndGlobalSection
	GlobalSection(ExtensibilityGlobals) = postSolution
		SolutionGuid = {1690D4EC-AE58-4C61-AF9B-46911C5093B7}
	EndGlobalSection
EndGlobal
